
Microsoft Visual Studio Solution File, Format Version 12.00
Project("{FAE04EC0-301F-11D3-BF4B-00C04F79EFBC}") = "Data.SQL", "Data.SQL\Data.SQL.csproj", "{0A7B383A-2453-4B48-9099-AA71A9F8F0E0}"
EndProject
Project("{FAE04EC0-301F-11D3-BF4B-00C04F79EFBC}") = "Common", "Common\Common.csproj", "{5AE63B28-6B57-46C0-8501-D7035A9A969D}"
EndProject
Project("{FAE04EC0-301F-11D3-BF4B-00C04F79EFBC}") = "Data.Cache", "Data.Cache\Data.Cache.csproj", "{C277D17D-62D3-4920-BB7A-AA4C3F528E20}"
EndProject
Project("{FAE04EC0-301F-11D3-BF4B-00C04F79EFBC}") = "OcrService", "OcrService\OcrService.csproj", "{040D6B0D-3359-4440-8F22-55115E4892B6}"
EndProject
Project("{FAE04EC0-301F-11D3-BF4B-00C04F79EFBC}") = "Storefront", "Storefront\Storefront.csproj", "{21615080-8274-4562-803B-DDD6C8739EA0}"
EndProject
Project("{FAE04EC0-301F-11D3-BF4B-00C04F79EFBC}") = "ValidationService", "ValidationService\ValidationService.csproj", "{86AF0760-1710-4424-BC7F-F216A785D565}"
EndProject
Project("{FAE04EC0-301F-11D3-BF4B-00C04F79EFBC}") = "SubscriptionService", "SubscriptionService\SubscriptionService.csproj", "{2B001F4F-40A0-40B8-9B3A-68AED883C349}"
EndProject
Project("{FAE04EC0-301F-11D3-BF4B-00C04F79EFBC}") = "Telegram.Gateway", "Telegram.Gateway\Telegram.Gateway.csproj", "{8138AD45-207D-456F-ABF6-5AAF032E071F}"
EndProject
Global
	GlobalSection(SolutionConfigurationPlatforms) = preSolution
		Debug|Any CPU = Debug|Any CPU
		Release|Any CPU = Release|Any CPU
	EndGlobalSection
	GlobalSection(ProjectConfigurationPlatforms) = postSolution
		{0A7B383A-2453-4B48-9099-AA71A9F8F0E0}.Debug|Any CPU.ActiveCfg = Debug|Any CPU
		{0A7B383A-2453-4B48-9099-AA71A9F8F0E0}.Debug|Any CPU.Build.0 = Debug|Any CPU
		{0A7B383A-2453-4B48-9099-AA71A9F8F0E0}.Release|Any CPU.ActiveCfg = Release|Any CPU
		{0A7B383A-2453-4B48-9099-AA71A9F8F0E0}.Release|Any CPU.Build.0 = Release|Any CPU
		{5AE63B28-6B57-46C0-8501-D7035A9A969D}.Debug|Any CPU.ActiveCfg = Debug|Any CPU
		{5AE63B28-6B57-46C0-8501-D7035A9A969D}.Debug|Any CPU.Build.0 = Debug|Any CPU
		{5AE63B28-6B57-46C0-8501-D7035A9A969D}.Release|Any CPU.ActiveCfg = Release|Any CPU
		{5AE63B28-6B57-46C0-8501-D7035A9A969D}.Release|Any CPU.Build.0 = Release|Any CPU
		{C277D17D-62D3-4920-BB7A-AA4C3F528E20}.Debug|Any CPU.ActiveCfg = Debug|Any CPU
		{C277D17D-62D3-4920-BB7A-AA4C3F528E20}.Debug|Any CPU.Build.0 = Debug|Any CPU
		{C277D17D-62D3-4920-BB7A-AA4C3F528E20}.Release|Any CPU.ActiveCfg = Release|Any CPU
		{C277D17D-62D3-4920-BB7A-AA4C3F528E20}.Release|Any CPU.Build.0 = Release|Any CPU
		{040D6B0D-3359-4440-8F22-55115E4892B6}.Debug|Any CPU.ActiveCfg = Debug|Any CPU
		{040D6B0D-3359-4440-8F22-55115E4892B6}.Debug|Any CPU.Build.0 = Debug|Any CPU
		{040D6B0D-3359-4440-8F22-55115E4892B6}.Release|Any CPU.ActiveCfg = Release|Any CPU
		{040D6B0D-3359-4440-8F22-55115E4892B6}.Release|Any CPU.Build.0 = Release|Any CPU
		{21615080-8274-4562-803B-DDD6C8739EA0}.Debug|Any CPU.ActiveCfg = Debug|Any CPU
		{21615080-8274-4562-803B-DDD6C8739EA0}.Debug|Any CPU.Build.0 = Debug|Any CPU
		{21615080-8274-4562-803B-DDD6C8739EA0}.Release|Any CPU.ActiveCfg = Release|Any CPU
		{21615080-8274-4562-803B-DDD6C8739EA0}.Release|Any CPU.Build.0 = Release|Any CPU
		{86AF0760-1710-4424-BC7F-F216A785D565}.Debug|Any CPU.ActiveCfg = Debug|Any CPU
		{86AF0760-1710-4424-BC7F-F216A785D565}.Debug|Any CPU.Build.0 = Debug|Any CPU
		{86AF0760-1710-4424-BC7F-F216A785D565}.Release|Any CPU.ActiveCfg = Release|Any CPU
		{86AF0760-1710-4424-BC7F-F216A785D565}.Release|Any CPU.Build.0 = Release|Any CPU
		{2B001F4F-40A0-40B8-9B3A-68AED883C349}.Debug|Any CPU.ActiveCfg = Debug|Any CPU
		{2B001F4F-40A0-40B8-9B3A-68AED883C349}.Debug|Any CPU.Build.0 = Debug|Any CPU
		{2B001F4F-40A0-40B8-9B3A-68AED883C349}.Release|Any CPU.ActiveCfg = Release|Any CPU
		{2B001F4F-40A0-40B8-9B3A-68AED883C349}.Release|Any CPU.Build.0 = Release|Any CPU
		{8138AD45-207D-456F-ABF6-5AAF032E071F}.Debug|Any CPU.ActiveCfg = Debug|Any CPU
		{8138AD45-207D-456F-ABF6-5AAF032E071F}.Debug|Any CPU.Build.0 = Debug|Any CPU
		{8138AD45-207D-456F-ABF6-5AAF032E071F}.Release|Any CPU.ActiveCfg = Release|Any CPU
		{8138AD45-207D-456F-ABF6-5AAF032E071F}.Release|Any CPU.Build.0 = Release|Any CPU
	EndGlobalSection
EndGlobal
